
Microsoft Visual Studio Solution File, Format Version 12.00
# Visual Studio Version 16
VisualStudioVersion = 16.0.30002.166
MinimumVisualStudioVersion = 10.0.40219.1
Project("{2150E333-8FDC-42A3-9474-1A3956D46DE8}") = "Core", "Core", "{FB101E34-810D-4AF2-B1E7-8BBA48B84EE9}"
EndProject
Project("{2150E333-8FDC-42A3-9474-1A3956D46DE8}") = "StartUp", "StartUp", "{DAA7B846-0577-414B-ACB3-071A0B6FDC22}"
EndProject
Project("{2150E333-8FDC-42A3-9474-1A3956D46DE8}") = "Common", "Common", "{D99FB90E-DC73-4A78-BEE3-8F95D3B5B90F}"
EndProject
Project("{2150E333-8FDC-42A3-9474-1A3956D46DE8}") = "Modules", "Modules", "{D98E49D7-6B1B-4142-9C18-173917F0CEB0}"
EndProject
Project("{9A19103F-16F7-4668-BE54-9A1E7A4F7556}") = "Template.Common.Entities", "..\..\src\Senticode.Tools.Wizard\Templates.Common\Template.Common.Entities\Template.Common.Entities.csproj", "{748469FA-E1D8-4752-BC4A-F1ABB35231D0}"
EndProject
Project("{9A19103F-16F7-4668-BE54-9A1E7A4F7556}") = "Template.Common.Web.Infrastructure", "..\..\src\Senticode.Tools.Wizard\Templates.Common\Template.Common.Web.Infrastructure\Template.Common.Web.Infrastructure.csproj", "{4CC2CB45-961A-4917-A819-59561224183C}"
EndProject
Project("{9A19103F-16F7-4668-BE54-9A1E7A4F7556}") = "Template.Mobile.Interfaces", "..\..\src\Senticode.Tools.Wizard\Templates\Common\Template.Mobile.Interfaces\Template.Mobile.Interfaces.csproj", "{2CB59791-09CE-423B-A35F-A3BBB2775F93}"
EndProject
Project("{9A19103F-16F7-4668-BE54-9A1E7A4F7556}") = "Template.Blank", "..\..\src\Senticode.Tools.Wizard\Templates\Core\Template.Blank\Template.Blank.csproj", "{AAAF9E87-B711-4238-9B83-EAC1537DB635}"
EndProject
Project("{9A19103F-16F7-4668-BE54-9A1E7A4F7556}") = "Template.MasterDetail", "..\..\src\Senticode.Tools.Wizard\Templates\Core\Template.MasterDetail\Template.MasterDetail.csproj", "{0B23C076-76C1-4962-AC6F-1290B4BF6EBA}"
EndProject
Project("{9A19103F-16F7-4668-BE54-9A1E7A4F7556}") = "Template.Mobile.ModuleAggregator", "..\..\src\Senticode.Tools.Wizard\Templates\Core\Template.Mobile.ModuleAggregator\Template.Mobile.ModuleAggregator.csproj", "{7E0A8D46-BDF8-4216-9EC3-7ABE770C5132}"
EndProject
Project("{9A19103F-16F7-4668-BE54-9A1E7A4F7556}") = "Template.Module.Xamarin", "..\..\src\Senticode.Tools.Wizard\Templates\Modules\Template.Module.Xamarin\Template.Module.Xamarin.csproj", "{4EC77BB6-94CE-431F-88FF-4698FC530374}"
EndProject
Project("{9A19103F-16F7-4668-BE54-9A1E7A4F7556}") = "Template.WebClientModule", "..\..\src\Senticode.Tools.Wizard\Templates\Modules\Template.WebClientModule\Template.WebClientModule.csproj", "{472FC890-EA6C-4B12-8EA8-444C66C47C13}"
EndProject
Project("{FAE04EC0-301F-11D3-BF4B-00C04F79EFBC}") = "Template.Android", "..\..\src\Senticode.Tools.Wizard\Templates\StartUp\Template.Android\Template.Android.csproj", "{65391999-8687-4092-B9B3-6DFE9588B2DD}"
EndProject
Project("{FAE04EC0-301F-11D3-BF4B-00C04F79EFBC}") = "Template.GtkSharp", "..\..\src\Senticode.Tools.Wizard\Templates\StartUp\Template.GtkSharp\Template.GtkSharp.csproj", "{D65814FA-768A-4D2A-9FB1-4FB637E37476}"
EndProject
Project("{FAE04EC0-301F-11D3-BF4B-00C04F79EFBC}") = "Template.iOS", "..\..\src\Senticode.Tools.Wizard\Templates\StartUp\Template.iOS\Template.iOS.csproj", "{6D93E173-8525-41C4-A4A0-461DEE16AF3D}"
EndProject
Project("{FAE04EC0-301F-11D3-BF4B-00C04F79EFBC}") = "Template.UWP", "..\..\src\Senticode.Tools.Wizard\Templates\StartUp\Template.UWP\Template.UWP.csproj", "{7F65B439-87CB-4609-B416-B9E9B8582627}"
EndProject
Project("{FAE04EC0-301F-11D3-BF4B-00C04F79EFBC}") = "Template.Wpf", "..\..\src\Senticode.Tools.Wizard\Templates\StartUp\Template.WPF\Template.Wpf.csproj", "{D689E35D-12A0-4068-9B3B-766E1C9BA29A}"
EndProject
Global
	GlobalSection(SolutionConfigurationPlatforms) = preSolution
		Debug|Any CPU = Debug|Any CPU
		Debug|ARM = Debug|ARM
		Debug|iPhone = Debug|iPhone
		Debug|iPhoneSimulator = Debug|iPhoneSimulator
		Debug|x64 = Debug|x64
		Debug|x86 = Debug|x86
		Release|Any CPU = Release|Any CPU
		Release|ARM = Release|ARM
		Release|iPhone = Release|iPhone
		Release|iPhoneSimulator = Release|iPhoneSimulator
		Release|x64 = Release|x64
		Release|x86 = Release|x86
	EndGlobalSection
	GlobalSection(ProjectConfigurationPlatforms) = postSolution
		{748469FA-E1D8-4752-BC4A-F1ABB35231D0}.Debug|Any CPU.ActiveCfg = Debug|Any CPU
		{748469FA-E1D8-4752-BC4A-F1ABB35231D0}.Debug|Any CPU.Build.0 = Debug|Any CPU
		{748469FA-E1D8-4752-BC4A-F1ABB35231D0}.Debug|ARM.ActiveCfg = Debug|Any CPU
		{748469FA-E1D8-4752-BC4A-F1ABB35231D0}.Debug|ARM.Build.0 = Debug|Any CPU
		{748469FA-E1D8-4752-BC4A-F1ABB35231D0}.Debug|iPhone.ActiveCfg = Debug|Any CPU
		{748469FA-E1D8-4752-BC4A-F1ABB35231D0}.Debug|iPhone.Build.0 = Debug|Any CPU
		{748469FA-E1D8-4752-BC4A-F1ABB35231D0}.Debug|iPhoneSimulator.ActiveCfg = Debug|Any CPU
		{748469FA-E1D8-4752-BC4A-F1ABB35231D0}.Debug|iPhoneSimulator.Build.0 = Debug|Any CPU
		{748469FA-E1D8-4752-BC4A-F1ABB35231D0}.Debug|x64.ActiveCfg = Debug|Any CPU
		{748469FA-E1D8-4752-BC4A-F1ABB35231D0}.Debug|x64.Build.0 = Debug|Any CPU
		{748469FA-E1D8-4752-BC4A-F1ABB35231D0}.Debug|x86.ActiveCfg = Debug|Any CPU
		{748469FA-E1D8-4752-BC4A-F1ABB35231D0}.Debug|x86.Build.0 = Debug|Any CPU
		{748469FA-E1D8-4752-BC4A-F1ABB35231D0}.Release|Any CPU.ActiveCfg = Release|Any CPU
		{748469FA-E1D8-4752-BC4A-F1ABB35231D0}.Release|Any CPU.Build.0 = Release|Any CPU
		{748469FA-E1D8-4752-BC4A-F1ABB35231D0}.Release|ARM.ActiveCfg = Release|Any CPU
		{748469FA-E1D8-4752-BC4A-F1ABB35231D0}.Release|ARM.Build.0 = Release|Any CPU
		{748469FA-E1D8-4752-BC4A-F1ABB35231D0}.Release|iPhone.ActiveCfg = Release|Any CPU
		{748469FA-E1D8-4752-BC4A-F1ABB35231D0}.Release|iPhone.Build.0 = Release|Any CPU
		{748469FA-E1D8-4752-BC4A-F1ABB35231D0}.Release|iPhoneSimulator.ActiveCfg = Release|Any CPU
		{748469FA-E1D8-4752-BC4A-F1ABB35231D0}.Release|iPhoneSimulator.Build.0 = Release|Any CPU
		{748469FA-E1D8-4752-BC4A-F1ABB35231D0}.Release|x64.ActiveCfg = Release|Any CPU
		{748469FA-E1D8-4752-BC4A-F1ABB35231D0}.Release|x64.Build.0 = Release|Any CPU
		{748469FA-E1D8-4752-BC4A-F1ABB35231D0}.Release|x86.ActiveCfg = Release|Any CPU
		{748469FA-E1D8-4752-BC4A-F1ABB35231D0}.Release|x86.Build.0 = Release|Any CPU
		{4CC2CB45-961A-4917-A819-59561224183C}.Debug|Any CPU.ActiveCfg = Debug|Any CPU
		{4CC2CB45-961A-4917-A819-59561224183C}.Debug|Any CPU.Build.0 = Debug|Any CPU
		{4CC2CB45-961A-4917-A819-59561224183C}.Debug|ARM.ActiveCfg = Debug|Any CPU
		{4CC2CB45-961A-4917-A819-59561224183C}.Debug|ARM.Build.0 = Debug|Any CPU
		{4CC2CB45-961A-4917-A819-59561224183C}.Debug|iPhone.ActiveCfg = Debug|Any CPU
		{4CC2CB45-961A-4917-A819-59561224183C}.Debug|iPhone.Build.0 = Debug|Any CPU
		{4CC2CB45-961A-4917-A819-59561224183C}.Debug|iPhoneSimulator.ActiveCfg = Debug|Any CPU
		{4CC2CB45-961A-4917-A819-59561224183C}.Debug|iPhoneSimulator.Build.0 = Debug|Any CPU
		{4CC2CB45-961A-4917-A819-59561224183C}.Debug|x64.ActiveCfg = Debug|Any CPU
		{4CC2CB45-961A-4917-A819-59561224183C}.Debug|x64.Build.0 = Debug|Any CPU
		{4CC2CB45-961A-4917-A819-59561224183C}.Debug|x86.ActiveCfg = Debug|Any CPU
		{4CC2CB45-961A-4917-A819-59561224183C}.Debug|x86.Build.0 = Debug|Any CPU
		{4CC2CB45-961A-4917-A819-59561224183C}.Release|Any CPU.ActiveCfg = Release|Any CPU
		{4CC2CB45-961A-4917-A819-59561224183C}.Release|Any CPU.Build.0 = Release|Any CPU
		{4CC2CB45-961A-4917-A819-59561224183C}.Release|ARM.ActiveCfg = Release|Any CPU
		{4CC2CB45-961A-4917-A819-59561224183C}.Release|ARM.Build.0 = Release|Any CPU
		{4CC2CB45-961A-4917-A819-59561224183C}.Release|iPhone.ActiveCfg = Release|Any CPU
		{4CC2CB45-961A-4917-A819-59561224183C}.Release|iPhone.Build.0 = Release|Any CPU
		{4CC2CB45-961A-4917-A819-59561224183C}.Release|iPhoneSimulator.ActiveCfg = Release|Any CPU
		{4CC2CB45-961A-4917-A819-59561224183C}.Release|iPhoneSimulator.Build.0 = Release|Any CPU
		{4CC2CB45-961A-4917-A819-59561224183C}.Release|x64.ActiveCfg = Release|Any CPU
		{4CC2CB45-961A-4917-A819-59561224183C}.Release|x64.Build.0 = Release|Any CPU
		{4CC2CB45-961A-4917-A819-59561224183C}.Release|x86.ActiveCfg = Release|Any CPU
		{4CC2CB45-961A-4917-A819-59561224183C}.Release|x86.Build.0 = Release|Any CPU
		{2CB59791-09CE-423B-A35F-A3BBB2775F93}.Debug|Any CPU.ActiveCfg = Debug|Any CPU
		{2CB59791-09CE-423B-A35F-A3BBB2775F93}.Debug|Any CPU.Build.0 = Debug|Any CPU
		{2CB59791-09CE-423B-A35F-A3BBB2775F93}.Debug|ARM.ActiveCfg = Debug|Any CPU
		{2CB59791-09CE-423B-A35F-A3BBB2775F93}.Debug|ARM.Build.0 = Debug|Any CPU
		{2CB59791-09CE-423B-A35F-A3BBB2775F93}.Debug|iPhone.ActiveCfg = Debug|Any CPU
		{2CB59791-09CE-423B-A35F-A3BBB2775F93}.Debug|iPhone.Build.0 = Debug|Any CPU
		{2CB59791-09CE-423B-A35F-A3BBB2775F93}.Debug|iPhoneSimulator.ActiveCfg = Debug|Any CPU
		{2CB59791-09CE-423B-A35F-A3BBB2775F93}.Debug|iPhoneSimulator.Build.0 = Debug|Any CPU
		{2CB59791-09CE-423B-A35F-A3BBB2775F93}.Debug|x64.ActiveCfg = Debug|Any CPU
		{2CB59791-09CE-423B-A35F-A3BBB2775F93}.Debug|x64.Build.0 = Debug|Any CPU
		{2CB59791-09CE-423B-A35F-A3BBB2775F93}.Debug|x86.ActiveCfg = Debug|Any CPU
		{2CB59791-09CE-423B-A35F-A3BBB2775F93}.Debug|x86.Build.0 = Debug|Any CPU
		{2CB59791-09CE-423B-A35F-A3BBB2775F93}.Release|Any CPU.ActiveCfg = Release|Any CPU
		{2CB59791-09CE-423B-A35F-A3BBB2775F93}.Release|Any CPU.Build.0 = Release|Any CPU
		{2CB59791-09CE-423B-A35F-A3BBB2775F93}.Release|ARM.ActiveCfg = Release|Any CPU
		{2CB59791-09CE-423B-A35F-A3BBB2775F93}.Release|ARM.Build.0 = Release|Any CPU
		{2CB59791-09CE-423B-A35F-A3BBB2775F93}.Release|iPhone.ActiveCfg = Release|Any CPU
		{2CB59791-09CE-423B-A35F-A3BBB2775F93}.Release|iPhone.Build.0 = Release|Any CPU
		{2CB59791-09CE-423B-A35F-A3BBB2775F93}.Release|iPhoneSimulator.ActiveCfg = Release|Any CPU
		{2CB59791-09CE-423B-A35F-A3BBB2775F93}.Release|iPhoneSimulator.Build.0 = Release|Any CPU
		{2CB59791-09CE-423B-A35F-A3BBB2775F93}.Release|x64.ActiveCfg = Release|Any CPU
		{2CB59791-09CE-423B-A35F-A3BBB2775F93}.Release|x64.Build.0 = Release|Any CPU
		{2CB59791-09CE-423B-A35F-A3BBB2775F93}.Release|x86.ActiveCfg = Release|Any CPU
		{2CB59791-09CE-423B-A35F-A3BBB2775F93}.Release|x86.Build.0 = Release|Any CPU
		{AAAF9E87-B711-4238-9B83-EAC1537DB635}.Debug|Any CPU.ActiveCfg = Debug|Any CPU
		{AAAF9E87-B711-4238-9B83-EAC1537DB635}.Debug|Any CPU.Build.0 = Debug|Any CPU
		{AAAF9E87-B711-4238-9B83-EAC1537DB635}.Debug|ARM.ActiveCfg = Debug|Any CPU
		{AAAF9E87-B711-4238-9B83-EAC1537DB635}.Debug|ARM.Build.0 = Debug|Any CPU
		{AAAF9E87-B711-4238-9B83-EAC1537DB635}.Debug|iPhone.ActiveCfg = Debug|Any CPU
		{AAAF9E87-B711-4238-9B83-EAC1537DB635}.Debug|iPhone.Build.0 = Debug|Any CPU
		{AAAF9E87-B711-4238-9B83-EAC1537DB635}.Debug|iPhoneSimulator.ActiveCfg = Debug|Any CPU
		{AAAF9E87-B711-4238-9B83-EAC1537DB635}.Debug|iPhoneSimulator.Build.0 = Debug|Any CPU
		{AAAF9E87-B711-4238-9B83-EAC1537DB635}.Debug|x64.ActiveCfg = Debug|Any CPU
		{AAAF9E87-B711-4238-9B83-EAC1537DB635}.Debug|x64.Build.0 = Debug|Any CPU
		{AAAF9E87-B711-4238-9B83-EAC1537DB635}.Debug|x86.ActiveCfg = Debug|Any CPU
		{AAAF9E87-B711-4238-9B83-EAC1537DB635}.Debug|x86.Build.0 = Debug|Any CPU
		{AAAF9E87-B711-4238-9B83-EAC1537DB635}.Release|Any CPU.ActiveCfg = Release|Any CPU
		{AAAF9E87-B711-4238-9B83-EAC1537DB635}.Release|Any CPU.Build.0 = Release|Any CPU
		{AAAF9E87-B711-4238-9B83-EAC1537DB635}.Release|ARM.ActiveCfg = Release|Any CPU
		{AAAF9E87-B711-4238-9B83-EAC1537DB635}.Release|ARM.Build.0 = Release|Any CPU
		{AAAF9E87-B711-4238-9B83-EAC1537DB635}.Release|iPhone.ActiveCfg = Release|Any CPU
		{AAAF9E87-B711-4238-9B83-EAC1537DB635}.Release|iPhone.Build.0 = Release|Any CPU
		{AAAF9E87-B711-4238-9B83-EAC1537DB635}.Release|iPhoneSimulator.ActiveCfg = Release|Any CPU
		{AAAF9E87-B711-4238-9B83-EAC1537DB635}.Release|iPhoneSimulator.Build.0 = Release|Any CPU
		{AAAF9E87-B711-4238-9B83-EAC1537DB635}.Release|x64.ActiveCfg = Release|Any CPU
		{AAAF9E87-B711-4238-9B83-EAC1537DB635}.Release|x64.Build.0 = Release|Any CPU
		{AAAF9E87-B711-4238-9B83-EAC1537DB635}.Release|x86.ActiveCfg = Release|Any CPU
		{AAAF9E87-B711-4238-9B83-EAC1537DB635}.Release|x86.Build.0 = Release|Any CPU
		{0B23C076-76C1-4962-AC6F-1290B4BF6EBA}.Debug|Any CPU.ActiveCfg = Debug|Any CPU
		{0B23C076-76C1-4962-AC6F-1290B4BF6EBA}.Debug|Any CPU.Build.0 = Debug|Any CPU
		{0B23C076-76C1-4962-AC6F-1290B4BF6EBA}.Debug|ARM.ActiveCfg = Debug|Any CPU
		{0B23C076-76C1-4962-AC6F-1290B4BF6EBA}.Debug|ARM.Build.0 = Debug|Any CPU
		{0B23C076-76C1-4962-AC6F-1290B4BF6EBA}.Debug|iPhone.ActiveCfg = Debug|Any CPU
		{0B23C076-76C1-4962-AC6F-1290B4BF6EBA}.Debug|iPhone.Build.0 = Debug|Any CPU
		{0B23C076-76C1-4962-AC6F-1290B4BF6EBA}.Debug|iPhoneSimulator.ActiveCfg = Debug|Any CPU
		{0B23C076-76C1-4962-AC6F-1290B4BF6EBA}.Debug|iPhoneSimulator.Build.0 = Debug|Any CPU
		{0B23C076-76C1-4962-AC6F-1290B4BF6EBA}.Debug|x64.ActiveCfg = Debug|Any CPU
		{0B23C076-76C1-4962-AC6F-1290B4BF6EBA}.Debug|x64.Build.0 = Debug|Any CPU
		{0B23C076-76C1-4962-AC6F-1290B4BF6EBA}.Debug|x86.ActiveCfg = Debug|Any CPU
		{0B23C076-76C1-4962-AC6F-1290B4BF6EBA}.Debug|x86.Build.0 = Debug|Any CPU
		{0B23C076-76C1-4962-AC6F-1290B4BF6EBA}.Release|Any CPU.ActiveCfg = Release|Any CPU
		{0B23C076-76C1-4962-AC6F-1290B4BF6EBA}.Release|Any CPU.Build.0 = Release|Any CPU
		{0B23C076-76C1-4962-AC6F-1290B4BF6EBA}.Release|ARM.ActiveCfg = Release|Any CPU
		{0B23C076-76C1-4962-AC6F-1290B4BF6EBA}.Release|ARM.Build.0 = Release|Any CPU
		{0B23C076-76C1-4962-AC6F-1290B4BF6EBA}.Release|iPhone.ActiveCfg = Release|Any CPU
		{0B23C076-76C1-4962-AC6F-1290B4BF6EBA}.Release|iPhone.Build.0 = Release|Any CPU
		{0B23C076-76C1-4962-AC6F-1290B4BF6EBA}.Release|iPhoneSimulator.ActiveCfg = Release|Any CPU
		{0B23C076-76C1-4962-AC6F-1290B4BF6EBA}.Release|iPhoneSimulator.Build.0 = Release|Any CPU
		{0B23C076-76C1-4962-AC6F-1290B4BF6EBA}.Release|x64.ActiveCfg = Release|Any CPU
		{0B23C076-76C1-4962-AC6F-1290B4BF6EBA}.Release|x64.Build.0 = Release|Any CPU
		{0B23C076-76C1-4962-AC6F-1290B4BF6EBA}.Release|x86.ActiveCfg = Release|Any CPU
		{0B23C076-76C1-4962-AC6F-1290B4BF6EBA}.Release|x86.Build.0 = Release|Any CPU
		{7E0A8D46-BDF8-4216-9EC3-7ABE770C5132}.Debug|Any CPU.ActiveCfg = Debug|Any CPU
		{7E0A8D46-BDF8-4216-9EC3-7ABE770C5132}.Debug|Any CPU.Build.0 = Debug|Any CPU
		{7E0A8D46-BDF8-4216-9EC3-7ABE770C5132}.Debug|ARM.ActiveCfg = Debug|Any CPU
		{7E0A8D46-BDF8-4216-9EC3-7ABE770C5132}.Debug|ARM.Build.0 = Debug|Any CPU
		{7E0A8D46-BDF8-4216-9EC3-7ABE770C5132}.Debug|iPhone.ActiveCfg = Debug|Any CPU
		{7E0A8D46-BDF8-4216-9EC3-7ABE770C5132}.Debug|iPhone.Build.0 = Debug|Any CPU
		{7E0A8D46-BDF8-4216-9EC3-7ABE770C5132}.Debug|iPhoneSimulator.ActiveCfg = Debug|Any CPU
		{7E0A8D46-BDF8-4216-9EC3-7ABE770C5132}.Debug|iPhoneSimulator.Build.0 = Debug|Any CPU
		{7E0A8D46-BDF8-4216-9EC3-7ABE770C5132}.Debug|x64.ActiveCfg = Debug|Any CPU
		{7E0A8D46-BDF8-4216-9EC3-7ABE770C5132}.Debug|x64.Build.0 = Debug|Any CPU
		{7E0A8D46-BDF8-4216-9EC3-7ABE770C5132}.Debug|x86.ActiveCfg = Debug|Any CPU
		{7E0A8D46-BDF8-4216-9EC3-7ABE770C5132}.Debug|x86.Build.0 = Debug|Any CPU
		{7E0A8D46-BDF8-4216-9EC3-7ABE770C5132}.Release|Any CPU.ActiveCfg = Release|Any CPU
		{7E0A8D46-BDF8-4216-9EC3-7ABE770C5132}.Release|Any CPU.Build.0 = Release|Any CPU
		{7E0A8D46-BDF8-4216-9EC3-7ABE770C5132}.Release|ARM.ActiveCfg = Release|Any CPU
		{7E0A8D46-BDF8-4216-9EC3-7ABE770C5132}.Release|ARM.Build.0 = Release|Any CPU
		{7E0A8D46-BDF8-4216-9EC3-7ABE770C5132}.Release|iPhone.ActiveCfg = Release|Any CPU
		{7E0A8D46-BDF8-4216-9EC3-7ABE770C5132}.Release|iPhone.Build.0 = Release|Any CPU
		{7E0A8D46-BDF8-4216-9EC3-7ABE770C5132}.Release|iPhoneSimulator.ActiveCfg = Release|Any CPU
		{7E0A8D46-BDF8-4216-9EC3-7ABE770C5132}.Release|iPhoneSimulator.Build.0 = Release|Any CPU
		{7E0A8D46-BDF8-4216-9EC3-7ABE770C5132}.Release|x64.ActiveCfg = Release|Any CPU
		{7E0A8D46-BDF8-4216-9EC3-7ABE770C5132}.Release|x64.Build.0 = Release|Any CPU
		{7E0A8D46-BDF8-4216-9EC3-7ABE770C5132}.Release|x86.ActiveCfg = Release|Any CPU
		{7E0A8D46-BDF8-4216-9EC3-7ABE770C5132}.Release|x86.Build.0 = Release|Any CPU
		{4EC77BB6-94CE-431F-88FF-4698FC530374}.Debug|Any CPU.ActiveCfg = Debug|Any CPU
		{4EC77BB6-94CE-431F-88FF-4698FC530374}.Debug|Any CPU.Build.0 = Debug|Any CPU
		{4EC77BB6-94CE-431F-88FF-4698FC530374}.Debug|ARM.ActiveCfg = Debug|Any CPU
		{4EC77BB6-94CE-431F-88FF-4698FC530374}.Debug|ARM.Build.0 = Debug|Any CPU
		{4EC77BB6-94CE-431F-88FF-4698FC530374}.Debug|iPhone.ActiveCfg = Debug|Any CPU
		{4EC77BB6-94CE-431F-88FF-4698FC530374}.Debug|iPhone.Build.0 = Debug|Any CPU
		{4EC77BB6-94CE-431F-88FF-4698FC530374}.Debug|iPhoneSimulator.ActiveCfg = Debug|Any CPU
		{4EC77BB6-94CE-431F-88FF-4698FC530374}.Debug|iPhoneSimulator.Build.0 = Debug|Any CPU
		{4EC77BB6-94CE-431F-88FF-4698FC530374}.Debug|x64.ActiveCfg = Debug|Any CPU
		{4EC77BB6-94CE-431F-88FF-4698FC530374}.Debug|x64.Build.0 = Debug|Any CPU
		{4EC77BB6-94CE-431F-88FF-4698FC530374}.Debug|x86.ActiveCfg = Debug|Any CPU
		{4EC77BB6-94CE-431F-88FF-4698FC530374}.Debug|x86.Build.0 = Debug|Any CPU
		{4EC77BB6-94CE-431F-88FF-4698FC530374}.Release|Any CPU.ActiveCfg = Release|Any CPU
		{4EC77BB6-94CE-431F-88FF-4698FC530374}.Release|Any CPU.Build.0 = Release|Any CPU
		{4EC77BB6-94CE-431F-88FF-4698FC530374}.Release|ARM.ActiveCfg = Release|Any CPU
		{4EC77BB6-94CE-431F-88FF-4698FC530374}.Release|ARM.Build.0 = Release|Any CPU
		{4EC77BB6-94CE-431F-88FF-4698FC530374}.Release|iPhone.ActiveCfg = Release|Any CPU
		{4EC77BB6-94CE-431F-88FF-4698FC530374}.Release|iPhone.Build.0 = Release|Any CPU
		{4EC77BB6-94CE-431F-88FF-4698FC530374}.Release|iPhoneSimulator.ActiveCfg = Release|Any CPU
		{4EC77BB6-94CE-431F-88FF-4698FC530374}.Release|iPhoneSimulator.Build.0 = Release|Any CPU
		{4EC77BB6-94CE-431F-88FF-4698FC530374}.Release|x64.ActiveCfg = Release|Any CPU
		{4EC77BB6-94CE-431F-88FF-4698FC530374}.Release|x64.Build.0 = Release|Any CPU
		{4EC77BB6-94CE-431F-88FF-4698FC530374}.Release|x86.ActiveCfg = Release|Any CPU
		{4EC77BB6-94CE-431F-88FF-4698FC530374}.Release|x86.Build.0 = Release|Any CPU
		{472FC890-EA6C-4B12-8EA8-444C66C47C13}.Debug|Any CPU.ActiveCfg = Debug|Any CPU
		{472FC890-EA6C-4B12-8EA8-444C66C47C13}.Debug|Any CPU.Build.0 = Debug|Any CPU
		{472FC890-EA6C-4B12-8EA8-444C66C47C13}.Debug|ARM.ActiveCfg = Debug|Any CPU
		{472FC890-EA6C-4B12-8EA8-444C66C47C13}.Debug|ARM.Build.0 = Debug|Any CPU
		{472FC890-EA6C-4B12-8EA8-444C66C47C13}.Debug|iPhone.ActiveCfg = Debug|Any CPU
		{472FC890-EA6C-4B12-8EA8-444C66C47C13}.Debug|iPhone.Build.0 = Debug|Any CPU
		{472FC890-EA6C-4B12-8EA8-444C66C47C13}.Debug|iPhoneSimulator.ActiveCfg = Debug|Any CPU
		{472FC890-EA6C-4B12-8EA8-444C66C47C13}.Debug|iPhoneSimulator.Build.0 = Debug|Any CPU
		{472FC890-EA6C-4B12-8EA8-444C66C47C13}.Debug|x64.ActiveCfg = Debug|Any CPU
		{472FC890-EA6C-4B12-8EA8-444C66C47C13}.Debug|x64.Build.0 = Debug|Any CPU
		{472FC890-EA6C-4B12-8EA8-444C66C47C13}.Debug|x86.ActiveCfg = Debug|Any CPU
		{472FC890-EA6C-4B12-8EA8-444C66C47C13}.Debug|x86.Build.0 = Debug|Any CPU
		{472FC890-EA6C-4B12-8EA8-444C66C47C13}.Release|Any CPU.ActiveCfg = Release|Any CPU
		{472FC890-EA6C-4B12-8EA8-444C66C47C13}.Release|Any CPU.Build.0 = Release|Any CPU
		{472FC890-EA6C-4B12-8EA8-444C66C47C13}.Release|ARM.ActiveCfg = Release|Any CPU
		{472FC890-EA6C-4B12-8EA8-444C66C47C13}.Release|ARM.Build.0 = Release|Any CPU
		{472FC890-EA6C-4B12-8EA8-444C66C47C13}.Release|iPhone.ActiveCfg = Release|Any CPU
		{472FC890-EA6C-4B12-8EA8-444C66C47C13}.Release|iPhone.Build.0 = Release|Any CPU
		{472FC890-EA6C-4B12-8EA8-444C66C47C13}.Release|iPhoneSimulator.ActiveCfg = Release|Any CPU
		{472FC890-EA6C-4B12-8EA8-444C66C47C13}.Release|iPhoneSimulator.Build.0 = Release|Any CPU
		{472FC890-EA6C-4B12-8EA8-444C66C47C13}.Release|x64.ActiveCfg = Release|Any CPU
		{472FC890-EA6C-4B12-8EA8-444C66C47C13}.Release|x64.Build.0 = Release|Any CPU
		{472FC890-EA6C-4B12-8EA8-444C66C47C13}.Release|x86.ActiveCfg = Release|Any CPU
		{472FC890-EA6C-4B12-8EA8-444C66C47C13}.Release|x86.Build.0 = Release|Any CPU
		{65391999-8687-4092-B9B3-6DFE9588B2DD}.Debug|Any CPU.ActiveCfg = Debug|Any CPU
		{65391999-8687-4092-B9B3-6DFE9588B2DD}.Debug|Any CPU.Build.0 = Debug|Any CPU
		{65391999-8687-4092-B9B3-6DFE9588B2DD}.Debug|Any CPU.Deploy.0 = Debug|Any CPU
		{65391999-8687-4092-B9B3-6DFE9588B2DD}.Debug|ARM.ActiveCfg = Debug|Any CPU
		{65391999-8687-4092-B9B3-6DFE9588B2DD}.Debug|ARM.Build.0 = Debug|Any CPU
		{65391999-8687-4092-B9B3-6DFE9588B2DD}.Debug|ARM.Deploy.0 = Debug|Any CPU
		{65391999-8687-4092-B9B3-6DFE9588B2DD}.Debug|iPhone.ActiveCfg = Debug|Any CPU
		{65391999-8687-4092-B9B3-6DFE9588B2DD}.Debug|iPhone.Build.0 = Debug|Any CPU
		{65391999-8687-4092-B9B3-6DFE9588B2DD}.Debug|iPhone.Deploy.0 = Debug|Any CPU
		{65391999-8687-4092-B9B3-6DFE9588B2DD}.Debug|iPhoneSimulator.ActiveCfg = Debug|Any CPU
		{65391999-8687-4092-B9B3-6DFE9588B2DD}.Debug|iPhoneSimulator.Build.0 = Debug|Any CPU
		{65391999-8687-4092-B9B3-6DFE9588B2DD}.Debug|iPhoneSimulator.Deploy.0 = Debug|Any CPU
		{65391999-8687-4092-B9B3-6DFE9588B2DD}.Debug|x64.ActiveCfg = Debug|Any CPU
		{65391999-8687-4092-B9B3-6DFE9588B2DD}.Debug|x64.Build.0 = Debug|Any CPU
		{65391999-8687-4092-B9B3-6DFE9588B2DD}.Debug|x64.Deploy.0 = Debug|Any CPU
		{65391999-8687-4092-B9B3-6DFE9588B2DD}.Debug|x86.ActiveCfg = Debug|Any CPU
		{65391999-8687-4092-B9B3-6DFE9588B2DD}.Debug|x86.Build.0 = Debug|Any CPU
		{65391999-8687-4092-B9B3-6DFE9588B2DD}.Debug|x86.Deploy.0 = Debug|Any CPU
		{65391999-8687-4092-B9B3-6DFE9588B2DD}.Release|Any CPU.ActiveCfg = Release|Any CPU
		{65391999-8687-4092-B9B3-6DFE9588B2DD}.Release|Any CPU.Build.0 = Release|Any CPU
		{65391999-8687-4092-B9B3-6DFE9588B2DD}.Release|Any CPU.Deploy.0 = Release|Any CPU
		{65391999-8687-4092-B9B3-6DFE9588B2DD}.Release|ARM.ActiveCfg = Release|Any CPU
		{65391999-8687-4092-B9B3-6DFE9588B2DD}.Release|ARM.Build.0 = Release|Any CPU
		{65391999-8687-4092-B9B3-6DFE9588B2DD}.Release|ARM.Deploy.0 = Release|Any CPU
		{65391999-8687-4092-B9B3-6DFE9588B2DD}.Release|iPhone.ActiveCfg = Release|Any CPU
		{65391999-8687-4092-B9B3-6DFE9588B2DD}.Release|iPhone.Build.0 = Release|Any CPU
		{65391999-8687-4092-B9B3-6DFE9588B2DD}.Release|iPhone.Deploy.0 = Release|Any CPU
		{65391999-8687-4092-B9B3-6DFE9588B2DD}.Release|iPhoneSimulator.ActiveCfg = Release|Any CPU
		{65391999-8687-4092-B9B3-6DFE9588B2DD}.Release|iPhoneSimulator.Build.0 = Release|Any CPU
		{65391999-8687-4092-B9B3-6DFE9588B2DD}.Release|iPhoneSimulator.Deploy.0 = Release|Any CPU
		{65391999-8687-4092-B9B3-6DFE9588B2DD}.Release|x64.ActiveCfg = Release|Any CPU
		{65391999-8687-4092-B9B3-6DFE9588B2DD}.Release|x64.Build.0 = Release|Any CPU
		{65391999-8687-4092-B9B3-6DFE9588B2DD}.Release|x64.Deploy.0 = Release|Any CPU
		{65391999-8687-4092-B9B3-6DFE9588B2DD}.Release|x86.ActiveCfg = Release|Any CPU
		{65391999-8687-4092-B9B3-6DFE9588B2DD}.Release|x86.Build.0 = Release|Any CPU
		{65391999-8687-4092-B9B3-6DFE9588B2DD}.Release|x86.Deploy.0 = Release|Any CPU
		{D65814FA-768A-4D2A-9FB1-4FB637E37476}.Debug|Any CPU.ActiveCfg = Debug|Any CPU
		{D65814FA-768A-4D2A-9FB1-4FB637E37476}.Debug|Any CPU.Build.0 = Debug|Any CPU
		{D65814FA-768A-4D2A-9FB1-4FB637E37476}.Debug|ARM.ActiveCfg = Debug|Any CPU
		{D65814FA-768A-4D2A-9FB1-4FB637E37476}.Debug|ARM.Build.0 = Debug|Any CPU
		{D65814FA-768A-4D2A-9FB1-4FB637E37476}.Debug|iPhone.ActiveCfg = Debug|Any CPU
		{D65814FA-768A-4D2A-9FB1-4FB637E37476}.Debug|iPhone.Build.0 = Debug|Any CPU
		{D65814FA-768A-4D2A-9FB1-4FB637E37476}.Debug|iPhoneSimulator.ActiveCfg = Debug|Any CPU
		{D65814FA-768A-4D2A-9FB1-4FB637E37476}.Debug|iPhoneSimulator.Build.0 = Debug|Any CPU
		{D65814FA-768A-4D2A-9FB1-4FB637E37476}.Debug|x64.ActiveCfg = Debug|Any CPU
		{D65814FA-768A-4D2A-9FB1-4FB637E37476}.Debug|x64.Build.0 = Debug|Any CPU
		{D65814FA-768A-4D2A-9FB1-4FB637E37476}.Debug|x86.ActiveCfg = Debug|Any CPU
		{D65814FA-768A-4D2A-9FB1-4FB637E37476}.Debug|x86.Build.0 = Debug|Any CPU
		{D65814FA-768A-4D2A-9FB1-4FB637E37476}.Release|Any CPU.ActiveCfg = Release|Any CPU
		{D65814FA-768A-4D2A-9FB1-4FB637E37476}.Release|Any CPU.Build.0 = Release|Any CPU
		{D65814FA-768A-4D2A-9FB1-4FB637E37476}.Release|ARM.ActiveCfg = Release|Any CPU
		{D65814FA-768A-4D2A-9FB1-4FB637E37476}.Release|ARM.Build.0 = Release|Any CPU
		{D65814FA-768A-4D2A-9FB1-4FB637E37476}.Release|iPhone.ActiveCfg = Release|Any CPU
		{D65814FA-768A-4D2A-9FB1-4FB637E37476}.Release|iPhone.Build.0 = Release|Any CPU
		{D65814FA-768A-4D2A-9FB1-4FB637E37476}.Release|iPhoneSimulator.ActiveCfg = Release|Any CPU
		{D65814FA-768A-4D2A-9FB1-4FB637E37476}.Release|iPhoneSimulator.Build.0 = Release|Any CPU
		{D65814FA-768A-4D2A-9FB1-4FB637E37476}.Release|x64.ActiveCfg = Release|Any CPU
		{D65814FA-768A-4D2A-9FB1-4FB637E37476}.Release|x64.Build.0 = Release|Any CPU
		{D65814FA-768A-4D2A-9FB1-4FB637E37476}.Release|x86.ActiveCfg = Release|Any CPU
		{D65814FA-768A-4D2A-9FB1-4FB637E37476}.Release|x86.Build.0 = Release|Any CPU
		{6D93E173-8525-41C4-A4A0-461DEE16AF3D}.Debug|Any CPU.ActiveCfg = Debug|iPhone
		{6D93E173-8525-41C4-A4A0-461DEE16AF3D}.Debug|ARM.ActiveCfg = Debug|iPhone
		{6D93E173-8525-41C4-A4A0-461DEE16AF3D}.Debug|iPhone.ActiveCfg = Debug|iPhone
		{6D93E173-8525-41C4-A4A0-461DEE16AF3D}.Debug|iPhone.Build.0 = Debug|iPhone
		{6D93E173-8525-41C4-A4A0-461DEE16AF3D}.Debug|iPhoneSimulator.ActiveCfg = Debug|iPhoneSimulator
		{6D93E173-8525-41C4-A4A0-461DEE16AF3D}.Debug|iPhoneSimulator.Build.0 = Debug|iPhoneSimulator
		{6D93E173-8525-41C4-A4A0-461DEE16AF3D}.Debug|x64.ActiveCfg = Debug|iPhone
		{6D93E173-8525-41C4-A4A0-461DEE16AF3D}.Debug|x86.ActiveCfg = Debug|iPhone
		{6D93E173-8525-41C4-A4A0-461DEE16AF3D}.Release|Any CPU.ActiveCfg = Release|iPhone
		{6D93E173-8525-41C4-A4A0-461DEE16AF3D}.Release|ARM.ActiveCfg = Release|iPhone
		{6D93E173-8525-41C4-A4A0-461DEE16AF3D}.Release|iPhone.ActiveCfg = Release|iPhone
		{6D93E173-8525-41C4-A4A0-461DEE16AF3D}.Release|iPhone.Build.0 = Release|iPhone
		{6D93E173-8525-41C4-A4A0-461DEE16AF3D}.Release|iPhoneSimulator.ActiveCfg = Release|iPhoneSimulator
		{6D93E173-8525-41C4-A4A0-461DEE16AF3D}.Release|iPhoneSimulator.Build.0 = Release|iPhoneSimulator
		{6D93E173-8525-41C4-A4A0-461DEE16AF3D}.Release|x64.ActiveCfg = Release|iPhone
		{6D93E173-8525-41C4-A4A0-461DEE16AF3D}.Release|x86.ActiveCfg = Release|iPhone
		{7F65B439-87CB-4609-B416-B9E9B8582627}.Debug|Any CPU.ActiveCfg = Debug|x86
		{7F65B439-87CB-4609-B416-B9E9B8582627}.Debug|ARM.ActiveCfg = Debug|ARM
		{7F65B439-87CB-4609-B416-B9E9B8582627}.Debug|ARM.Build.0 = Debug|ARM
		{7F65B439-87CB-4609-B416-B9E9B8582627}.Debug|ARM.Deploy.0 = Debug|ARM
		{7F65B439-87CB-4609-B416-B9E9B8582627}.Debug|iPhone.ActiveCfg = Debug|x86
		{7F65B439-87CB-4609-B416-B9E9B8582627}.Debug|iPhoneSimulator.ActiveCfg = Debug|x86
		{7F65B439-87CB-4609-B416-B9E9B8582627}.Debug|x64.ActiveCfg = Debug|x64
		{7F65B439-87CB-4609-B416-B9E9B8582627}.Debug|x64.Build.0 = Debug|x64
		{7F65B439-87CB-4609-B416-B9E9B8582627}.Debug|x64.Deploy.0 = Debug|x64
		{7F65B439-87CB-4609-B416-B9E9B8582627}.Debug|x86.ActiveCfg = Debug|x86
		{7F65B439-87CB-4609-B416-B9E9B8582627}.Debug|x86.Build.0 = Debug|x86
		{7F65B439-87CB-4609-B416-B9E9B8582627}.Debug|x86.Deploy.0 = Debug|x86
		{7F65B439-87CB-4609-B416-B9E9B8582627}.Release|Any CPU.ActiveCfg = Release|x86
		{7F65B439-87CB-4609-B416-B9E9B8582627}.Release|ARM.ActiveCfg = Release|ARM
		{7F65B439-87CB-4609-B416-B9E9B8582627}.Release|ARM.Build.0 = Release|ARM
		{7F65B439-87CB-4609-B416-B9E9B8582627}.Release|ARM.Deploy.0 = Release|ARM
		{7F65B439-87CB-4609-B416-B9E9B8582627}.Release|iPhone.ActiveCfg = Release|x86
		{7F65B439-87CB-4609-B416-B9E9B8582627}.Release|iPhoneSimulator.ActiveCfg = Release|x86
		{7F65B439-87CB-4609-B416-B9E9B8582627}.Release|x64.ActiveCfg = Release|x64
		{7F65B439-87CB-4609-B416-B9E9B8582627}.Release|x64.Build.0 = Release|x64
		{7F65B439-87CB-4609-B416-B9E9B8582627}.Release|x64.Deploy.0 = Release|x64
		{7F65B439-87CB-4609-B416-B9E9B8582627}.Release|x86.ActiveCfg = Release|x86
		{7F65B439-87CB-4609-B416-B9E9B8582627}.Release|x86.Build.0 = Release|x86
		{7F65B439-87CB-4609-B416-B9E9B8582627}.Release|x86.Deploy.0 = Release|x86
		{D689E35D-12A0-4068-9B3B-766E1C9BA29A}.Debug|Any CPU.ActiveCfg = Debug|Any CPU
		{D689E35D-12A0-4068-9B3B-766E1C9BA29A}.Debug|Any CPU.Build.0 = Debug|Any CPU
		{D689E35D-12A0-4068-9B3B-766E1C9BA29A}.Debug|ARM.ActiveCfg = Debug|Any CPU
		{D689E35D-12A0-4068-9B3B-766E1C9BA29A}.Debug|ARM.Build.0 = Debug|Any CPU
		{D689E35D-12A0-4068-9B3B-766E1C9BA29A}.Debug|iPhone.ActiveCfg = Debug|Any CPU
		{D689E35D-12A0-4068-9B3B-766E1C9BA29A}.Debug|iPhone.Build.0 = Debug|Any CPU
		{D689E35D-12A0-4068-9B3B-766E1C9BA29A}.Debug|iPhoneSimulator.ActiveCfg = Debug|Any CPU
		{D689E35D-12A0-4068-9B3B-766E1C9BA29A}.Debug|iPhoneSimulator.Build.0 = Debug|Any CPU
		{D689E35D-12A0-4068-9B3B-766E1C9BA29A}.Debug|x64.ActiveCfg = Debug|Any CPU
		{D689E35D-12A0-4068-9B3B-766E1C9BA29A}.Debug|x64.Build.0 = Debug|Any CPU
		{D689E35D-12A0-4068-9B3B-766E1C9BA29A}.Debug|x86.ActiveCfg = Debug|Any CPU
		{D689E35D-12A0-4068-9B3B-766E1C9BA29A}.Debug|x86.Build.0 = Debug|Any CPU
		{D689E35D-12A0-4068-9B3B-766E1C9BA29A}.Release|Any CPU.ActiveCfg = Release|Any CPU
		{D689E35D-12A0-4068-9B3B-766E1C9BA29A}.Release|Any CPU.Build.0 = Release|Any CPU
		{D689E35D-12A0-4068-9B3B-766E1C9BA29A}.Release|ARM.ActiveCfg = Release|Any CPU
		{D689E35D-12A0-4068-9B3B-766E1C9BA29A}.Release|ARM.Build.0 = Release|Any CPU
		{D689E35D-12A0-4068-9B3B-766E1C9BA29A}.Release|iPhone.ActiveCfg = Release|Any CPU
		{D689E35D-12A0-4068-9B3B-766E1C9BA29A}.Release|iPhone.Build.0 = Release|Any CPU
		{D689E35D-12A0-4068-9B3B-766E1C9BA29A}.Release|iPhoneSimulator.ActiveCfg = Release|Any CPU
		{D689E35D-12A0-4068-9B3B-766E1C9BA29A}.Release|iPhoneSimulator.Build.0 = Release|Any CPU
		{D689E35D-12A0-4068-9B3B-766E1C9BA29A}.Release|x64.ActiveCfg = Release|Any CPU
		{D689E35D-12A0-4068-9B3B-766E1C9BA29A}.Release|x64.Build.0 = Release|Any CPU
		{D689E35D-12A0-4068-9B3B-766E1C9BA29A}.Release|x86.ActiveCfg = Release|Any CPU
		{D689E35D-12A0-4068-9B3B-766E1C9BA29A}.Release|x86.Build.0 = Release|Any CPU
	EndGlobalSection
	GlobalSection(SolutionProperties) = preSolution
		HideSolutionNode = FALSE
	EndGlobalSection
	GlobalSection(NestedProjects) = preSolution
		{748469FA-E1D8-4752-BC4A-F1ABB35231D0} = {D99FB90E-DC73-4A78-BEE3-8F95D3B5B90F}
		{4CC2CB45-961A-4917-A819-59561224183C} = {D99FB90E-DC73-4A78-BEE3-8F95D3B5B90F}
		{2CB59791-09CE-423B-A35F-A3BBB2775F93} = {D99FB90E-DC73-4A78-BEE3-8F95D3B5B90F}
		{AAAF9E87-B711-4238-9B83-EAC1537DB635} = {FB101E34-810D-4AF2-B1E7-8BBA48B84EE9}
		{0B23C076-76C1-4962-AC6F-1290B4BF6EBA} = {FB101E34-810D-4AF2-B1E7-8BBA48B84EE9}
		{7E0A8D46-BDF8-4216-9EC3-7ABE770C5132} = {FB101E34-810D-4AF2-B1E7-8BBA48B84EE9}
		{4EC77BB6-94CE-431F-88FF-4698FC530374} = {D98E49D7-6B1B-4142-9C18-173917F0CEB0}
		{472FC890-EA6C-4B12-8EA8-444C66C47C13} = {D98E49D7-6B1B-4142-9C18-173917F0CEB0}
		{65391999-8687-4092-B9B3-6DFE9588B2DD} = {DAA7B846-0577-414B-ACB3-071A0B6FDC22}
		{D65814FA-768A-4D2A-9FB1-4FB637E37476} = {DAA7B846-0577-414B-ACB3-071A0B6FDC22}
		{6D93E173-8525-41C4-A4A0-461DEE16AF3D} = {DAA7B846-0577-414B-ACB3-071A0B6FDC22}
		{7F65B439-87CB-4609-B416-B9E9B8582627} = {DAA7B846-0577-414B-ACB3-071A0B6FDC22}
		{D689E35D-12A0-4068-9B3B-766E1C9BA29A} = {DAA7B846-0577-414B-ACB3-071A0B6FDC22}
	EndGlobalSection
	GlobalSection(ExtensibilityGlobals) = postSolution
		SolutionGuid = {3CFF4C31-C554-4AC5-BB45-BE011FA41876}
	EndGlobalSection
EndGlobal
