
Microsoft Visual Studio Solution File, Format Version 12.00
# Visual Studio Version 16
VisualStudioVersion = 16.0.30002.166
MinimumVisualStudioVersion = 10.0.40219.1
Project("{2150E333-8FDC-42A3-9474-1A3956D46DE8}") = "Tests", "Tests", "{24003F51-630F-446C-9874-CCF0F052BD4A}"
EndProject
Project("{2150E333-8FDC-42A3-9474-1A3956D46DE8}") = "Common", "Common", "{001DB975-3B6C-4062-9884-875F4FDB22D8}"
EndProject
Project("{9A19103F-16F7-4668-BE54-9A1E7A4F7556}") = "Template.Common.Entities", "..\..\src\Senticode.Tools.Wizard\Templates.Common\Template.Common.Entities\Template.Common.Entities.csproj", "{9AD8378B-4466-4524-A47D-B63D7373FA1E}"
EndProject
Project("{9A19103F-16F7-4668-BE54-9A1E7A4F7556}") = "Template.Common.Web.Infrastructure", "..\..\src\Senticode.Tools.Wizard\Templates.Common\Template.Common.Web.Infrastructure\Template.Common.Web.Infrastructure.csproj", "{5AF3C6D9-926A-4B34-8365-C75BE71A5383}"
EndProject
Project("{9A19103F-16F7-4668-BE54-9A1E7A4F7556}") = "Template.NUnitTests", "..\..\src\Senticode.Tools.Wizard\Templates.Common\Template.NUnitTests\Template.NUnitTests.csproj", "{22A8F02C-FB11-4A0A-AC87-5DAD9EC53E2D}"
EndProject
Global
	GlobalSection(SolutionConfigurationPlatforms) = preSolution
		Debug|Any CPU = Debug|Any CPU
		Release|Any CPU = Release|Any CPU
	EndGlobalSection
	GlobalSection(ProjectConfigurationPlatforms) = postSolution
		{9AD8378B-4466-4524-A47D-B63D7373FA1E}.Debug|Any CPU.ActiveCfg = Debug|Any CPU
		{9AD8378B-4466-4524-A47D-B63D7373FA1E}.Debug|Any CPU.Build.0 = Debug|Any CPU
		{9AD8378B-4466-4524-A47D-B63D7373FA1E}.Release|Any CPU.ActiveCfg = Release|Any CPU
		{9AD8378B-4466-4524-A47D-B63D7373FA1E}.Release|Any CPU.Build.0 = Release|Any CPU
		{5AF3C6D9-926A-4B34-8365-C75BE71A5383}.Debug|Any CPU.ActiveCfg = Debug|Any CPU
		{5AF3C6D9-926A-4B34-8365-C75BE71A5383}.Debug|Any CPU.Build.0 = Debug|Any CPU
		{5AF3C6D9-926A-4B34-8365-C75BE71A5383}.Release|Any CPU.ActiveCfg = Release|Any CPU
		{5AF3C6D9-926A-4B34-8365-C75BE71A5383}.Release|Any CPU.Build.0 = Release|Any CPU
		{22A8F02C-FB11-4A0A-AC87-5DAD9EC53E2D}.Debug|Any CPU.ActiveCfg = Debug|Any CPU
		{22A8F02C-FB11-4A0A-AC87-5DAD9EC53E2D}.Debug|Any CPU.Build.0 = Debug|Any CPU
		{22A8F02C-FB11-4A0A-AC87-5DAD9EC53E2D}.Release|Any CPU.ActiveCfg = Release|Any CPU
		{22A8F02C-FB11-4A0A-AC87-5DAD9EC53E2D}.Release|Any CPU.Build.0 = Release|Any CPU
	EndGlobalSection
	GlobalSection(SolutionProperties) = preSolution
		HideSolutionNode = FALSE
	EndGlobalSection
	GlobalSection(NestedProjects) = preSolution
		{9AD8378B-4466-4524-A47D-B63D7373FA1E} = {001DB975-3B6C-4062-9884-875F4FDB22D8}
		{5AF3C6D9-926A-4B34-8365-C75BE71A5383} = {001DB975-3B6C-4062-9884-875F4FDB22D8}
		{22A8F02C-FB11-4A0A-AC87-5DAD9EC53E2D} = {24003F51-630F-446C-9874-CCF0F052BD4A}
	EndGlobalSection
	GlobalSection(ExtensibilityGlobals) = postSolution
		SolutionGuid = {3CFF4C31-C554-4AC5-BB45-BE011FA41876}
	EndGlobalSection
EndGlobal
